// !$*UTF8*$!
{
	archiveVersion = 1;
	classes = {
	};
	objectVersion = 46;
	objects = {

/* Begin PBXBuildFile section */
		A990743D1E11F9D800521A9E /* AppDelegate.swift in Sources */ = {isa = PBXBuildFile; fileRef = A990743C1E11F9D800521A9E /* AppDelegate.swift */; };
		A99074421E11F9D800521A9E /* Main.storyboard in Resources */ = {isa = PBXBuildFile; fileRef = A99074401E11F9D800521A9E /* Main.storyboard */; };
		A99074441E11F9D800521A9E /* Assets.xcassets in Resources */ = {isa = PBXBuildFile; fileRef = A99074431E11F9D800521A9E /* Assets.xcassets */; };
		A99074471E11F9D800521A9E /* LaunchScreen.storyboard in Resources */ = {isa = PBXBuildFile; fileRef = A99074451E11F9D800521A9E /* LaunchScreen.storyboard */; };
/* End PBXBuildFile section */

/* Begin PBXFileReference section */
		A99074391E11F9D700521A9E /* DKEveryDay.app */ = {isa = PBXFileReference; explicitFileType = wrapper.application; includeInIndex = 0; path = DKEveryDay.app; sourceTree = BUILT_PRODUCTS_DIR; };
		A990743C1E11F9D800521A9E /* AppDelegate.swift */ = {isa = PBXFileReference; lastKnownFileType = sourcecode.swift; path = AppDelegate.swift; sourceTree = "<group>"; };
		A99074411E11F9D800521A9E /* Base */ = {isa = PBXFileReference; lastKnownFileType = file.storyboard; name = Base; path = Base.lproj/Main.storyboard; sourceTree = "<group>"; };
		A99074431E11F9D800521A9E /* Assets.xcassets */ = {isa = PBXFileReference; lastKnownFileType = folder.assetcatalog; path = Assets.xcassets; sourceTree = "<group>"; };
		A99074461E11F9D800521A9E /* Base */ = {isa = PBXFileReference; lastKnownFileType = file.storyboard; name = Base; path = Base.lproj/LaunchScreen.storyboard; sourceTree = "<group>"; };
		A99074481E11F9D800521A9E /* Info.plist */ = {isa = PBXFileReference; lastKnownFileType = text.plist.xml; path = Info.plist; sourceTree = "<group>"; };
/* End PBXFileReference section */

/* Begin PBXFrameworksBuildPhase section */
		A99074361E11F9D700521A9E /* Frameworks */ = {
			isa = PBXFrameworksBuildPhase;
			buildActionMask = 2147483647;
			files = (
			);
			runOnlyForDeploymentPostprocessing = 0;
		};
/* End PBXFrameworksBuildPhase section */

/* Begin PBXGroup section */
		A99074301E11F9D700521A9E = {
			isa = PBXGroup;
			children = (
				A990743B1E11F9D800521A9E /* DKEveryDay */,
				A990743A1E11F9D700521A9E /* Products */,
			);
			sourceTree = "<group>";
		};
		A990743A1E11F9D700521A9E /* Products */ = {
			isa = PBXGroup;
			children = (
				A99074391E11F9D700521A9E /* DKEveryDay.app */,
			);
			name = Products;
			sourceTree = "<group>";
		};
		A990743B1E11F9D800521A9E /* DKEveryDay */ = {
			isa = PBXGroup;
			children = (
				A990743C1E11F9D800521A9E /* AppDelegate.swift */,
				A99074401E11F9D800521A9E /* Main.storyboard */,
				A99074431E11F9D800521A9E /* Assets.xcassets */,
				A99074451E11F9D800521A9E /* LaunchScreen.storyboard */,
				A99074481E11F9D800521A9E /* Info.plist */,
			);
			path = DKEveryDay;
			sourceTree = "<group>";
		};
/* End PBXGroup section */

/* Begin PBXNativeTarget section */
		A99074381E11F9D700521A9E /* DKEveryDay */ = {
			isa = PBXNativeTarget;
			buildConfigurationList = A990744B1E11F9D800521A9E /* Build configuration list for PBXNativeTarget "DKEveryDay" */;
			buildPhases = (
				A99074351E11F9D700521A9E /* Sources */,
				A99074361E11F9D700521A9E /* Frameworks */,
				A99074371E11F9D700521A9E /* Resources */,
			);
			buildRules = (
			);
			dependencies = (
			);
			name = DKEveryDay;
			productName = DKEveryDay;
			productReference = A99074391E11F9D700521A9E /* DKEveryDay.app */;
			productType = "com.apple.product-type.application";
		};
/* End PBXNativeTarget section */

/* Begin PBXProject section */
		A99074311E11F9D700521A9E /* Project object */ = {
			isa = PBXProject;
			attributes = {
				LastSwiftUpdateCheck = 0820;
				LastUpgradeCheck = 0820;
				ORGANIZATIONNAME = DikeyKing;
				TargetAttributes = {
					A99074381E11F9D700521A9E = {
						CreatedOnToolsVersion = 8.2;
						DevelopmentTeam = WMSS77X69Q;
						ProvisioningStyle = Automatic;
					};
				};
			};
			buildConfigurationList = A99074341E11F9D700521A9E /* Build configuration list for PBXProject "DKEveryDay" */;
			compatibilityVersion = "Xcode 3.2";
			developmentRegion = English;
			hasScannedForEncodings = 0;
			knownRegions = (
				en,
				Base,
			);
			mainGroup = A99074301E11F9D700521A9E;
			productRefGroup = A990743A1E11F9D700521A9E /* Products */;
			projectDirPath = "";
			projectRoot = "";
			targets = (
				A99074381E11F9D700521A9E /* DKEveryDay */,
			);
		};
/* End PBXProject section */

/* Begin PBXResourcesBuildPhase section */
		A99074371E11F9D700521A9E /* Resources */ = {
			isa = PBXResourcesBuildPhase;
			buildActionMask = 2147483647;
			files = (
				A99074471E11F9D800521A9E /* LaunchScreen.storyboard in Resources */,
				A99074441E11F9D800521A9E /* Assets.xcassets in Resources */,
				A99074421E11F9D800521A9E /* Main.storyboard in Resources */,
			);
			runOnlyForDeploymentPostprocessing = 0;
		};
/* End PBXResourcesBuildPhase section */

/* Begin PBXSourcesBuildPhase section */
		A99074351E11F9D700521A9E /* Sources */ = {
			isa = PBXSourcesBuildPhase;
			buildActionMask = 2147483647;
			files = (
				A990743D1E11F9D800521A9E /* AppDelegate.swift in Sources */,
			);
			runOnlyForDeploymentPostprocessing = 0;
		};
/* End PBXSourcesBuildPhase section */

/* Begin PBXVariantGroup section */
		A99074401E11F9D800521A9E /* Main.storyboard */ = {
			isa = PBXVariantGroup;
			children = (
				A99074411E11F9D800521A9E /* Base */,
			);
			name = Main.storyboard;
			sourceTree = "<group>";
		};
		A99074451E11F9D800521A9E /* LaunchScreen.storyboard */ = {
			isa = PBXVariantGroup;
			children = (
				A99074461E11F9D800521A9E /* Base */,
			);
			name = LaunchScreen.storyboard;
			sourceTree = "<group>";
		};
/* End PBXVariantGroup section */

/* Begin XCBuildConfiguration section */
		A99074491E11F9D800521A9E /* Debug */ = {
			isa = XCBuildConfiguration;
			buildSettings = {
				ALWAYS_SEARCH_USER_PATHS = NO;
				CLANG_ANALYZER_NONNULL = YES;
				CLANG_CXX_LANGUAGE_STANDARD = "gnu++0x";
				CLANG_CXX_LIBRARY = "libc++";
				CLANG_ENABLE_MODULES = YES;
				CLANG_ENABLE_OBJC_ARC = YES;
				CLANG_WARN_BOOL_CONVERSION = YES;
				CLANG_WARN_CONSTANT_CONVERSION = YES;
				CLANG_WARN_DIRECT_OBJC_ISA_USAGE = YES_ERROR;
				CLANG_WARN_DOCUMENTATION_COMMENTS = YES;
				CLANG_WARN_EMPTY_BODY = YES;
				CLANG_WARN_ENUM_CONVERSION = YES;
				CLANG_WARN_INFINITE_RECURSION = YES;
				CLANG_WARN_INT_CONVERSION = YES;
				CLANG_WARN_OBJC_ROOT_CLASS = YES_ERROR;
				CLANG_WARN_SUSPICIOUS_MOVE = YES;
				CLANG_WARN_UNREACHABLE_CODE = YES;
				CLANG_WARN__DUPLICATE_METHOD_MATCH = YES;
				"CODE_SIGN_IDENTITY[sdk=iphoneos*]" = "iPhone Developer";
				COPY_PHASE_STRIP = NO;
				DEBUG_INFORMATION_FORMAT = dwarf;
				ENABLE_STRICT_OBJC_MSGSEND = YES;
				ENABLE_TESTABILITY = YES;
				GCC_C_LANGUAGE_STANDARD = gnu99;
				GCC_DYNAMIC_NO_PIC = NO;
				GCC_NO_COMMON_BLOCKS = YES;
				GCC_OPTIMIZATION_LEVEL = 0;
				GCC_PREPROCESSOR_DEFINITIONS = (
					"DEBUG=1",
					"$(inherited)",
				);
				GCC_WARN_64_TO_32_BIT_CONVERSION = YES;
				GCC_WARN_ABOUT_RETURN_TYPE = YES_ERROR;
				GCC_WARN_UNDECLARED_SELECTOR = YES;
				GCC_WARN_UNINITIALIZED_AUTOS = YES_AGGRESSIVE;
				GCC_WARN_UNUSED_FUNCTION = YES;
				GCC_WARN_UNUSED_VARIABLE = YES;
				IPHONEOS_DEPLOYMENT_TARGET = 10.2;
				MTL_ENABLE_DEBUG_INFO = YES;
				ONLY_ACTIVE_ARCH = YES;
				SDKROOT = iphoneos;
				SWIFT_ACTIVE_COMPILATION_CONDITIONS = DEBUG;
				SWIFT_OPTIMIZATION_LEVEL = "-Onone";
				TARGETED_DEVICE_FAMILY = "1,2";
			};
			name = Debug;
		};
		A990744A1E11F9D800521A9E /* Release */ = {
			isa = XCBuildConfiguration;
			buildSettings = {
				ALWAYS_SEARCH_USER_PATHS = NO;
				CLANG_ANALYZER_NONNULL = YES;
				CLANG_CXX_LANGUAGE_STANDARD = "gnu++0x";
				CLANG_CXX_LIBRARY = "libc++";
				CLANG_ENABLE_MODULES = YES;
				CLANG_ENABLE_OBJC_ARC = YES;
				CLANG_WARN_BOOL_CONVERSION = YES;
				CLANG_WARN_CONSTANT_CONVERSION = YES;
				CLANG_WARN_DIRECT_OBJC_ISA_USAGE = YES_ERROR;
				CLANG_WARN_DOCUMENTATION_COMMENTS = YES;
				CLANG_WARN_EMPTY_BODY = YES;
				CLANG_WARN_ENUM_CONVERSION = YES;
				CLANG_WARN_INFINITE_RECURSION = YES;
				CLANG_WARN_INT_CONVERSION = YES;
				CLANG_WARN_OBJC_ROOT_CLASS = YES_ERROR;
				CLANG_WARN_SUSPICIOUS_MOVE = YES;
				CLANG_WARN_UNREACHABLE_CODE = YES;
				CLANG_WARN__DUPLICATE_METHOD_MATCH = YES;
				"CODE_SIGN_IDENTITY[sdk=iphoneos*]" = "iPhone Developer";
				COPY_PHASE_STRIP = NO;
				DEBUG_INFORMATION_FORMAT = "dwarf-with-dsym";
				ENABLE_NS_ASSERTIONS = NO;
				ENABLE_STRICT_OBJC_MSGSEND = YES;
				GCC_C_LANGUAGE_STANDARD = gnu99;
				GCC_NO_COMMON_BLOCKS = YES;
				GCC_WARN_64_TO_32_BIT_CONVERSION = YES;
				GCC_WARN_ABOUT_RETURN_TYPE = YES_ERROR;
				GCC_WARN_UNDECLARED_SELECTOR = YES;
				GCC_WARN_UNINITIALIZED_AUTOS = YES_AGGRESSIVE;
				GCC_WARN_UNUSED_FUNCTION = YES;
				GCC_WARN_UNUSED_VARIABLE = YES;
				IPHONEOS_DEPLOYMENT_TARGET = 10.2;
				MTL_ENABLE_DEBUG_INFO = NO;
				SDKROOT = iphoneos;
				SWIFT_OPTIMIZATION_LEVEL = "-Owholemodule";
				TARGETED_DEVICE_FAMILY = "1,2";
				VALIDATE_PRODUCT = YES;
			};
			name = Release;
		};
		A990744C1E11F9D800521A9E /* Debug */ = {
			isa = XCBuildConfiguration;
			buildSettings = {
				ASSETCATALOG_COMPILER_APPICON_NAME = AppIcon;
				DEVELOPMENT_TEAM = WMSS77X69Q;
				INFOPLIST_FILE = DKEveryDay/Info.plist;
				LD_RUNPATH_SEARCH_PATHS = "$(inherited) @executable_path/Frameworks";
				PRODUCT_BUNDLE_IDENTIFIER = com.dikeyking.DKEveryDay;
				PRODUCT_NAME = "$(TARGET_NAME)";
				SWIFT_VERSION = 3.0;
			};
			name = Debug;
		};
		A990744D1E11F9D800521A9E /* Release */ = {
			isa = XCBuildConfiguration;
			buildSettings = {
				ASSETCATALOG_COMPILER_APPICON_NAME = AppIcon;
				DEVELOPMENT_TEAM = WMSS77X69Q;
				INFOPLIST_FILE = DKEveryDay/Info.plist;
				LD_RUNPATH_SEARCH_PATHS = "$(inherited) @executable_path/Frameworks";
				PRODUCT_BUNDLE_IDENTIFIER = com.dikeyking.DKEveryDay;
				PRODUCT_NAME = "$(TARGET_NAME)";
				SWIFT_VERSION = 3.0;
			};
			name = Release;
		};
/* End XCBuildConfiguration section */

/* Begin XCConfigurationList section */
		A99074341E11F9D700521A9E /* Build configuration list for PBXProject "DKEveryDay" */ = {
			isa = XCConfigurationList;
			buildConfigurations = (
				A99074491E11F9D800521A9E /* Debug */,
				A990744A1E11F9D800521A9E /* Release */,
			);
			defaultConfigurationIsVisible = 0;
			defaultConfigurationName = Release;
		};
		A990744B1E11F9D800521A9E /* Build configuration list for PBXNativeTarget "DKEveryDay" */ = {
			isa = XCConfigurationList;
			buildConfigurations = (
				A990744C1E11F9D800521A9E /* Debug */,
				A990744D1E11F9D800521A9E /* Release */,
			);
			defaultConfigurationIsVisible = 0;
		};
/* End XCConfigurationList section */
	};
	rootObject = A99074311E11F9D700521A9E /* Project object */;
}
